
Microsoft Visual Studio Solution File, Format Version 12.00
# Visual Studio Version 17
VisualStudioVersion = 17.3.32804.467
MinimumVisualStudioVersion = 10.0.40219.1
Project("{FAE04EC0-301F-11D3-BF4B-00C04F79EFBC}") = "CaffePoltekSSN", "CaffePoltekSSN\CaffePoltekSSN.csproj", "{72FE857E-F212-4DD4-B156-898880F5BB96}"
EndProject
Global
	GlobalSection(SolutionConfigurationPlatforms) = preSolution
		Debug|Any CPU = Debug|Any CPU
		Release|Any CPU = Release|Any CPU
	EndGlobalSection
	GlobalSection(ProjectConfigurationPlatforms) = postSolution
		{72FE857E-F212-4DD4-B156-898880F5BB96}.Debug|Any CPU.ActiveCfg = Debug|Any CPU
		{72FE857E-F212-4DD4-B156-898880F5BB96}.Debug|Any CPU.Build.0 = Debug|Any CPU
		{72FE857E-F212-4DD4-B156-898880F5BB96}.Release|Any CPU.ActiveCfg = Release|Any CPU
		{72FE857E-F212-4DD4-B156-898880F5BB96}.Release|Any CPU.Build.0 = Release|Any CPU
	EndGlobalSection
	GlobalSection(SolutionProperties) = preSolution
		HideSolutionNode = FALSE
	EndGlobalSection
	GlobalSection(ExtensibilityGlobals) = postSolution
		SolutionGuid = {AEB41DFB-7C6D-4CD5-B3CB-946B1DA58558}
	EndGlobalSection
EndGlobal
